{
  "version": 4,
  "terraform_version": "1.14.1",
  "serial": 4,
  "lineage": "b5eeb7bc-5a95-435b-48bc-384bff579101",
  "outputs": {
    "cluster_name": {
      "value": "school-gke-cluster",
      "type": "string"
    }
  },
  "resources": [
    {
      "mode": "managed",
      "type": "google_container_cluster",
      "name": "primary",
      "provider": "provider[\"registry.terraform.io/hashicorp/google\"]",
      "instances": [
        {
          "schema_version": 2,
          "attributes": {
            "addons_config": [
              {
                "cloudrun_config": [],
                "config_connector_config": [],
                "dns_cache_config": [],
                "gce_persistent_disk_csi_driver_config": [
                  {
                    "enabled": true
                  }
                ],
                "gcp_filestore_csi_driver_config": [],
                "gcs_fuse_csi_driver_config": [],
                "gke_backup_agent_config": [],
                "horizontal_pod_autoscaling": [],
                "http_load_balancing": [],
                "lustre_csi_driver_config": [],
                "network_policy_config": [
                  {
                    "disabled": true
                  }
                ],
                "parallelstore_csi_driver_config": [],
                "ray_operator_config": [],
                "stateful_ha_config": []
              }
            ],
            "allow_net_admin": null,
            "anonymous_authentication_config": [
              {
                "mode": "ENABLED"
              }
            ],
            "authenticator_groups_config": [],
            "binary_authorization": [
              {
                "enabled": false,
                "evaluation_mode": ""
              }
            ],
            "cluster_autoscaling": [
              {
                "auto_provisioning_defaults": [],
                "auto_provisioning_locations": [],
                "autoscaling_profile": "BALANCED",
                "default_compute_class_enabled": false,
                "enabled": false,
                "resource_limits": []
              }
            ],
            "cluster_ipv4_cidr": "10.100.0.0/14",
            "confidential_nodes": [],
            "control_plane_endpoints_config": [
              {
                "dns_endpoint_config": [
                  {
                    "allow_external_traffic": false,
                    "enable_k8s_certs_via_dns": false,
                    "enable_k8s_tokens_via_dns": false,
                    "endpoint": "gke-3d4be85e703d4f9ba2fea2452b2cf2a558fb-955651040400.us-central1-a.gke.goog"
                  }
                ],
                "ip_endpoints_config": [
                  {
                    "enabled": true
                  }
                ]
              }
            ],
            "cost_management_config": [],
            "database_encryption": [
              {
                "key_name": "",
                "state": "DECRYPTED"
              }
            ],
            "datapath_provider": "",
            "default_max_pods_per_node": 110,
            "default_snat_status": [
              {
                "disabled": false
              }
            ],
            "deletion_protection": true,
            "description": "",
            "disable_l4_lb_firewall_reconciliation": false,
            "dns_config": [],
            "effective_labels": {
              "goog-terraform-provisioned": "true"
            },
            "enable_autopilot": false,
            "enable_cilium_clusterwide_network_policy": false,
            "enable_fqdn_network_policy": false,
            "enable_intranode_visibility": false,
            "enable_k8s_beta_apis": [],
            "enable_kubernetes_alpha": false,
            "enable_l4_ilb_subsetting": false,
            "enable_legacy_abac": false,
            "enable_multi_networking": false,
            "enable_shielded_nodes": true,
            "enable_tpu": false,
            "endpoint": "34.56.192.90",
            "enterprise_config": [
              {
                "cluster_tier": "STANDARD",
                "desired_tier": ""
              }
            ],
            "fleet": [],
            "gateway_api_config": [],
            "gke_auto_upgrade_config": [],
            "id": "projects/velvety-maker-480912-u3/locations/us-central1-a/clusters/school-gke-cluster",
            "identity_service_config": [],
            "in_transit_encryption_config": "",
            "initial_node_count": 1,
            "ip_allocation_policy": [
              {
                "additional_ip_ranges_config": [],
                "additional_pod_ranges_config": [],
                "auto_ipam_config": [],
                "cluster_ipv4_cidr_block": "10.100.0.0/14",
                "cluster_secondary_range_name": "gke-school-gke-cluster-pods-3d4be85e",
                "network_tier_config": [
                  {
                    "network_tier": "NETWORK_TIER_DEFAULT"
                  }
                ],
                "pod_cidr_overprovision_config": [
                  {
                    "disabled": false
                  }
                ],
                "services_ipv4_cidr_block": "34.118.224.0/20",
                "services_secondary_range_name": "",
                "stack_type": "IPV4"
              }
            ],
            "label_fingerprint": "78cdf2f6",
            "location": "us-central1-a",
            "logging_config": [
              {
                "enable_components": [
                  "SYSTEM_COMPONENTS",
                  "WORKLOADS"
                ]
              }
            ],
            "logging_service": "logging.googleapis.com/kubernetes",
            "maintenance_policy": [],
            "master_auth": [
              {
                "client_certificate": "",
                "client_certificate_config": [
                  {
                    "issue_client_certificate": false
                  }
                ],
                "client_key": "",
                "cluster_ca_certificate": "LS0tLS1CRUdJTiBDRVJUSUZJQ0FURS0tLS0tCk1JSUVMVENDQXBXZ0F3SUJBZ0lSQUl4K3RnenNJc1c4bHovdGFuUzUxNVV3RFFZSktvWklodmNOQVFFTEJRQXcKTHpFdE1Dc0dBMVVFQXhNa09ERmxORGhqWlRFdE16TXdaUzAwWkdZMExXSXpZalF0WldNM09HTTVORFF4T1ROagpNQ0FYRFRJMU1USXlNREV4TWprd09Wb1lEekl3TlRVeE1qRXpNVEl5T1RBNVdqQXZNUzB3S3dZRFZRUURFeVE0Ck1XVTBPR05sTVMwek16QmxMVFJrWmpRdFlqTmlOQzFsWXpjNFl6azBOREU1TTJNd2dnR2lNQTBHQ1NxR1NJYjMKRFFFQkFRVUFBNElCandBd2dnR0tBb0lCZ1FEQUYxdFR2aVZpbmpHSGlwbFZHRDhOSTJtWkVSS1FCWTEvbEs4dApLMGUzSVlFU2E3SmdkeCtZamViZ1pSUmh6Y21tWFNWMlgzRTdJVFBkYU1hL0s1OTdhei9iaGZzeDFWZzFwWG9jClpHS3NtUFpVV1ZQZm9lc094UHlTbVJTdTFucTRTUW9wUU1aVVFXeSt1MVdzc1pKU2licXM2QXdJZ2hvR0t3MzEKL3loeVJidjYwUGRpWVluekFLK1pBTXJVMGNmMnU1Ui84cnRWUmRPeDhyalU1cTdmR091ZDlPR3dKY3F3SGpDLwpVVitNQ2k4eE1rLzNaS0EwTDRXd3l0c0tRcllIQkg0TE9ES3F2Z2FTaEdwQmFzbkJrNGJKY0tQL3ZyMFU5U09ZCi9ra3pnZ0hhSFpkNnlxMmt0MU5JSm1JcStWWWJSTElKbmlTSDQva2VWRk1UUzdRVHdBMWdLNTBMcDQzMC9RQk8KNFIySE84bzg1YkJEdVJIeHNkY3IzV2VmRlh5UGR6K3hlR2RWb1VyNm5PYlB5T1pVd055UkRYUkZMQUkyTHhjQwo5TVZ2ZUx0OVdrN2kxcTYraUUrSlFsQTJsRmU0ZzhSbEVKQ2lZK1JLcnFaV0FYRG5xeWFoL0tGb3hZSmxJaWFQCmJ1Y0hmZ0NmL1N0TThzWTJoWWtITVZlK2VQTUNBd0VBQWFOQ01FQXdEZ1lEVlIwUEFRSC9CQVFEQWdJRU1BOEcKQTFVZEV3RUIvd1FGTUFNQkFmOHdIUVlEVlIwT0JCWUVGTkJab0lSZncxbTdmUStJRkdXVGVWNWMxdDExTUEwRwpDU3FHU0liM0RRRUJDd1VBQTRJQmdRQVdkOE5FNVZVa1ZHeENFMENDQ3QwL2krRU5Qa3lOU1VuYncrZ0dLTCt0CnA1RjB3VlRTYTJ6TzNZUDdvZUd6a1BYUlZGc0xzcElMOUFkVkhGSHpPNmF4bi96eExnYUpVR0tOZ0NtWm5wVlMKTjhkYVhrMGNOSUR5ZExob09QejZsY3RGSXBlUW5rTTlzNjdFQnZtRWxvTkdZOStyWVFQTFh1dWg1LzR1UDkvdwpScnFBN2p4a1Njd2VJcDdEakh0Y1loVEQ2R0lFMFZiRDlnWG8yNlJQenIxQXcrajVlb1Boai8weXk3WjNiaWQ0CkdXM2VmaEJaOTB1YWxDaG5zOGZCTWFINTlsVGhENnErOXdFeXNuK2hTcHJmSzE1Tm5lUVJLTGVQbVp3bDRkUVUKa1Q1TjZldUtFNTAwbFFPdFR0cVJxS2Z5eVFudkdkM1dlbzY0eitqM0UyYnY5MlpUK2l3dHl0N0hiUmtDQXZLcApVNWhrR0wrUGJXSVNKOUZIWkVhWGtDVWNJRGxDZWRWTzZkYnVQV0xPYXQzYUVibFJzOEJiWHNrQ3FFcFJOenkrCllZSDVuOVNuYVp5c25SeXBhYktrL0JUSUdNVkpnQVBzTjJNWVNIclFjOFdCWkFxOFJsWS92LzlpSWZpNEtoZjcKV2EyeWFWVHkxTmUzb0w1bWdjb3NzYlU9Ci0tLS0tRU5EIENFUlRJRklDQVRFLS0tLS0K"
              }
            ],
            "master_authorized_networks_config": [],
            "master_version": "1.33.5-gke.1308000",
            "mesh_certificates": [],
            "min_master_version": null,
            "monitoring_config": [
              {
                "advanced_datapath_observability_config": [
                  {
                    "enable_metrics": false,
                    "enable_relay": false
                  }
                ],
                "enable_components": [
                  "SYSTEM_COMPONENTS",
                  "HPA",
                  "POD",
                  "DAEMONSET",
                  "DEPLOYMENT",
                  "STATEFULSET",
                  "JOBSET",
                  "STORAGE",
                  "CADVISOR",
                  "KUBELET",
                  "DCGM"
                ],
                "managed_prometheus": [
                  {
                    "auto_monitoring_config": [],
                    "enabled": true
                  }
                ]
              }
            ],
            "monitoring_service": "monitoring.googleapis.com/kubernetes",
            "name": "school-gke-cluster",
            "network": "projects/velvety-maker-480912-u3/global/networks/default",
            "network_performance_config": [],
            "network_policy": [
              {
                "enabled": false,
                "provider": "PROVIDER_UNSPECIFIED"
              }
            ],
            "networking_mode": "VPC_NATIVE",
            "node_config": [],
            "node_locations": [],
            "node_pool": [],
            "node_pool_auto_config": [
              {
                "linux_node_config": [],
                "network_tags": [],
                "node_kubelet_config": [
                  {
                    "insecure_kubelet_readonly_port_enabled": "FALSE"
                  }
                ],
                "resource_manager_tags": {}
              }
            ],
            "node_pool_defaults": [
              {
                "node_config_defaults": [
                  {
                    "containerd_config": [],
                    "gcfs_config": [],
                    "insecure_kubelet_readonly_port_enabled": "FALSE",
                    "logging_variant": "DEFAULT"
                  }
                ]
              }
            ],
            "node_version": "1.33.5-gke.1308000",
            "notification_config": [
              {
                "pubsub": [
                  {
                    "enabled": false,
                    "filter": [],
                    "topic": ""
                  }
                ]
              }
            ],
            "operation": null,
            "pod_autoscaling": [
              {
                "hpa_profile": "PERFORMANCE"
              }
            ],
            "private_cluster_config": [
              {
                "enable_private_endpoint": false,
                "enable_private_nodes": false,
                "master_global_access_config": [
                  {
                    "enabled": false
                  }
                ],
                "master_ipv4_cidr_block": "",
                "peering_name": "",
                "private_endpoint": "10.128.0.2",
                "private_endpoint_subnetwork": "",
                "public_endpoint": "34.56.192.90"
              }
            ],
            "private_ipv6_google_access": "",
            "project": "velvety-maker-480912-u3",
            "rbac_binding_config": [
              {
                "enable_insecure_binding_system_authenticated": true,
                "enable_insecure_binding_system_unauthenticated": true
              }
            ],
            "release_channel": [
              {
                "channel": "REGULAR"
              }
            ],
            "remove_default_node_pool": true,
            "resource_labels": null,
            "resource_usage_export_config": [],
            "secret_manager_config": [
              {
                "enabled": false,
                "rotation_config": []
              }
            ],
            "security_posture_config": [
              {
                "mode": "BASIC",
                "vulnerability_mode": "VULNERABILITY_MODE_UNSPECIFIED"
              }
            ],
            "self_link": "https://container.googleapis.com/v1/projects/velvety-maker-480912-u3/zones/us-central1-a/clusters/school-gke-cluster",
            "service_external_ips_config": [
              {
                "enabled": false
              }
            ],
            "services_ipv4_cidr": "34.118.224.0/20",
            "subnetwork": "projects/velvety-maker-480912-u3/regions/us-central1/subnetworks/default",
            "terraform_labels": {
              "goog-terraform-provisioned": "true"
            },
            "timeouts": null,
            "tpu_ipv4_cidr_block": "",
            "user_managed_keys_config": [],
            "vertical_pod_autoscaling": [],
            "workload_identity_config": []
          },
          "sensitive_attributes": [
            [
              {
                "type": "get_attr",
                "value": "master_auth"
              },
              {
                "type": "index",
                "value": {
                  "value": 0,
                  "type": "number"
                }
              },
              {
                "type": "get_attr",
                "value": "client_key"
              }
            ]
          ],
          "identity_schema_version": 0,
          "private": "eyJlMmJmYjczMC1lY2FhLTExZTYtOGY4OC0zNDM2M2JjN2M0YzAiOnsiY3JlYXRlIjoyNDAwMDAwMDAwMDAwLCJkZWxldGUiOjI0MDAwMDAwMDAwMDAsInJlYWQiOjI0MDAwMDAwMDAwMDAsInVwZGF0ZSI6MzYwMDAwMDAwMDAwMH0sInNjaGVtYV92ZXJzaW9uIjoiMiJ9"
        }
      ]
    },
    {
      "mode": "managed",
      "type": "google_container_node_pool",
      "name": "primary_nodes",
      "provider": "provider[\"registry.terraform.io/hashicorp/google\"]",
      "instances": [
        {
          "schema_version": 1,
          "attributes": {
            "autoscaling": [],
            "cluster": "school-gke-cluster",
            "id": "projects/velvety-maker-480912-u3/locations/us-central1-a/clusters/school-gke-cluster/nodePools/primary-node-pool",
            "initial_node_count": 1,
            "instance_group_urls": [
              "https://www.googleapis.com/compute/v1/projects/velvety-maker-480912-u3/zones/us-central1-a/instanceGroupManagers/gke-school-gke-clust-primary-node-poo-43b699bc-grp"
            ],
            "location": "us-central1-a",
            "managed_instance_group_urls": [
              "https://www.googleapis.com/compute/v1/projects/velvety-maker-480912-u3/zones/us-central1-a/instanceGroups/gke-school-gke-clust-primary-node-poo-43b699bc-grp"
            ],
            "management": [
              {
                "auto_repair": true,
                "auto_upgrade": true
              }
            ],
            "max_pods_per_node": 110,
            "name": "primary-node-pool",
            "name_prefix": "",
            "network_config": [
              {
                "additional_node_network_configs": [],
                "additional_pod_network_configs": [],
                "create_pod_range": false,
                "enable_private_nodes": false,
                "network_performance_config": [],
                "pod_cidr_overprovision_config": [],
                "pod_ipv4_cidr_block": "10.100.0.0/14",
                "pod_range": "gke-school-gke-cluster-pods-3d4be85e",
                "subnetwork": "projects/velvety-maker-480912-u3/regions/us-central1/subnetworks/default"
              }
            ],
            "node_config": [
              {
                "advanced_machine_features": [],
                "boot_disk": [
                  {
                    "disk_type": "pd-balanced",
                    "provisioned_iops": 0,
                    "provisioned_throughput": 0,
                    "size_gb": 100
                  }
                ],
                "boot_disk_kms_key": "",
                "confidential_nodes": [],
                "containerd_config": [],
                "disk_size_gb": 100,
                "disk_type": "pd-balanced",
                "effective_taints": [],
                "enable_confidential_storage": false,
                "ephemeral_storage_local_ssd_config": [],
                "fast_socket": [],
                "flex_start": false,
                "gcfs_config": [],
                "guest_accelerator": [],
                "gvnic": [],
                "host_maintenance_policy": [],
                "image_type": "COS_CONTAINERD",
                "kubelet_config": [
                  {
                    "allowed_unsafe_sysctls": [],
                    "container_log_max_files": 0,
                    "container_log_max_size": "",
                    "cpu_cfs_quota": false,
                    "cpu_cfs_quota_period": "",
                    "cpu_manager_policy": "",
                    "eviction_max_pod_grace_period_seconds": 0,
                    "eviction_minimum_reclaim": [],
                    "eviction_soft": [],
                    "eviction_soft_grace_period": [],
                    "image_gc_high_threshold_percent": 0,
                    "image_gc_low_threshold_percent": 0,
                    "image_maximum_gc_age": "",
                    "image_minimum_gc_age": "",
                    "insecure_kubelet_readonly_port_enabled": "FALSE",
                    "max_parallel_image_pulls": 2,
                    "memory_manager": [],
                    "pod_pids_limit": 0,
                    "single_process_oom_kill": false,
                    "topology_manager": []
                  }
                ],
                "labels": {},
                "linux_node_config": [],
                "local_nvme_ssd_block_config": [],
                "local_ssd_count": 0,
                "local_ssd_encryption_mode": "",
                "logging_variant": "DEFAULT",
                "machine_type": "e2-medium",
                "max_run_duration": "",
                "metadata": {
                  "disable-legacy-endpoints": "true"
                },
                "min_cpu_platform": "",
                "node_group": "",
                "oauth_scopes": [
                  "https://www.googleapis.com/auth/cloud-platform"
                ],
                "preemptible": false,
                "reservation_affinity": [],
                "resource_labels": {
                  "goog-gke-node-pool-provisioning-model": "on-demand"
                },
                "resource_manager_tags": null,
                "secondary_boot_disks": [],
                "service_account": "default",
                "shielded_instance_config": [
                  {
                    "enable_integrity_monitoring": true,
                    "enable_secure_boot": false
                  }
                ],
                "sole_tenant_config": [],
                "spot": false,
                "storage_pools": null,
                "tags": null,
                "taint": [],
                "windows_node_config": [
                  {
                    "osversion": ""
                  }
                ],
                "workload_metadata_config": []
              }
            ],
            "node_count": 1,
            "node_locations": [
              "us-central1-a"
            ],
            "operation": null,
            "placement_policy": [],
            "project": "velvety-maker-480912-u3",
            "queued_provisioning": [],
            "timeouts": null,
            "upgrade_settings": [
              {
                "blue_green_settings": [],
                "max_surge": 1,
                "max_unavailable": 0,
                "strategy": "SURGE"
              }
            ],
            "version": "1.33.5-gke.1308000"
          },
          "sensitive_attributes": [],
          "identity_schema_version": 0,
          "private": "eyJlMmJmYjczMC1lY2FhLTExZTYtOGY4OC0zNDM2M2JjN2M0YzAiOnsiY3JlYXRlIjoxODAwMDAwMDAwMDAwLCJkZWxldGUiOjE4MDAwMDAwMDAwMDAsInVwZGF0ZSI6MTgwMDAwMDAwMDAwMH0sInNjaGVtYV92ZXJzaW9uIjoiMSJ9",
          "dependencies": [
            "google_container_cluster.primary"
          ]
        }
      ]
    }
  ],
  "check_results": null
}
